{
  "meteor": {},
  "dependencies": {
    "basePackages": {
      "font-awesome": {},
      "HTML5-History-API": {},
      "define": {},
      "handlebar-helpers": {},
      "moment": {},
      "nprogress": {},
      "event-hooks": {},
      "external-file-loader": {},
      "reactive-extra": {},
      "bootstrap-3": {},
      "iron-router": {
        "git": "https://github.com/EventedMind/iron-router.git",
        "branch": "shark"
      },
      "ms-seo": {
        "git": "https://github.com/DerMambo/ms-seo",
        "branch": "master"
      }
    },
    "packages": {
      "font-awesome": {
        "git": "https://github.com/nate-strauser/meteor-font-awesome.git",
        "tag": "v4.0.3",
        "commit": "61e9361384347547ae144f8228faa4deffda23db"
      },
      "define": {
        "git": "https://github.com/apendua/require.git",
        "tag": "v0.9.0.2",
        "commit": "5c3bdfdf7c747dc7297e7697d5f1a28ef86772f2"
      },
      "handlebar-helpers": {
        "git": "https://github.com/raix/Meteor-handlebar-helpers.git",
        "tag": "v0.0.9",
        "commit": "71e94c99462b8801a34c5363510758b6ff5f5ac7"
      },
      "moment": {
        "git": "https://github.com/acreeger/meteor-moment.git",
        "tag": "v2.5.1",
        "commit": "8c9bc5d3fc96705057737cb9743d555417f6e551"
      },
      "nprogress": {
        "git": "https://github.com/zhouzhuojie/meteor-nprogress.git",
        "tag": "v0.0.3",
        "commit": "ffd1c5dd400af64121197f4e637a215c4b6b1fc7"
      },
      "event-hooks": {
        "git": "https://github.com/BenjaminRH/meteor-event-hooks.git",
        "tag": "v1.4.3",
        "commit": "ba4f3d7887748458618d29615492906f0c88d31c"
      },
      "external-file-loader": {
        "git": "https://github.com/davidd8/meteor-external-file-loader.git",
        "tag": "v0.1.4",
        "commit": "352694a7cf906b8241161c2fd1435161c1d5409f"
      },
      "reactive-extra": {
        "git": "https://github.com/boekkooi/reactive-extra.git",
        "tag": "v0.0.6",
        "commit": "fe8d2f8e27c501be6533b419c3a00aae884b838b"
      },
      "bootstrap-3": {
        "git": "https://github.com/mangasocial/meteor-bootstrap-3.git",
        "tag": "v3.1.0-1",
        "commit": "329dccb08bfc18c635676dea600ac9953162cda9"
      },
      "iron-router": {
        "git": "https://github.com/EventedMind/iron-router.git",
        "branch": "shark",
        "commit": "4f55d0acc293abb4a9492229e8d2be0ec0e176c1"
      },
      "ms-seo": {
        "git": "https://github.com/DerMambo/ms-seo",
        "branch": "master",
        "commit": "f4c4192a074f08be37d1581691874aa23ad08eb7"
      }
    }
  }
}
